
Microsoft Visual Studio Solution File, Format Version 12.00
# Visual Studio Version 16
VisualStudioVersion = 16.0.29806.167
MinimumVisualStudioVersion = 10.0.40219.1
Project("{FAE04EC0-301F-11D3-BF4B-00C04F79EFBC}") = "SportManager.Business", "SportManager.Business\SportManager.Business.csproj", "{C924386B-EF69-47A1-8EDC-448CA387AA22}"
EndProject
Project("{FAE04EC0-301F-11D3-BF4B-00C04F79EFBC}") = "SportManager.Web", "SportManager.Web\SportManager.Web.csproj", "{8A10413E-2630-483D-A811-B15980A4C8B2}"
EndProject
Project("{FAE04EC0-301F-11D3-BF4B-00C04F79EFBC}") = "SportManager.Common", "SportManager.Common\SportManager.Common.csproj", "{86FCE7A4-CD1B-4D38-97B6-3FBEA2C1B0DA}"
EndProject
Project("{FAE04EC0-301F-11D3-BF4B-00C04F79EFBC}") = "SportManager.DataAccess.Entities", "SportManager.DataAccess.Entities\SportManager.DataAccess.Entities.csproj", "{C83D20C3-137B-4230-AEE8-CF673F0FE13E}"
EndProject
Project("{FAE04EC0-301F-11D3-BF4B-00C04F79EFBC}") = "SportManager.Models", "SportManager.Models\SportManager.Models.csproj", "{53336472-4464-47AF-A697-9EB9CBD447E3}"
EndProject
Project("{FAE04EC0-301F-11D3-BF4B-00C04F79EFBC}") = "SportManager.Repositories", "SportManager.Repositories\SportManager.Repositories.csproj", "{01B6AB6F-D9F7-4673-89CD-7120F2C31CEF}"
EndProject
Global
	GlobalSection(SolutionConfigurationPlatforms) = preSolution
		Debug|Any CPU = Debug|Any CPU
		Release|Any CPU = Release|Any CPU
	EndGlobalSection
	GlobalSection(ProjectConfigurationPlatforms) = postSolution
		{C924386B-EF69-47A1-8EDC-448CA387AA22}.Debug|Any CPU.ActiveCfg = Debug|Any CPU
		{C924386B-EF69-47A1-8EDC-448CA387AA22}.Debug|Any CPU.Build.0 = Debug|Any CPU
		{C924386B-EF69-47A1-8EDC-448CA387AA22}.Release|Any CPU.ActiveCfg = Release|Any CPU
		{C924386B-EF69-47A1-8EDC-448CA387AA22}.Release|Any CPU.Build.0 = Release|Any CPU
		{8A10413E-2630-483D-A811-B15980A4C8B2}.Debug|Any CPU.ActiveCfg = Debug|Any CPU
		{8A10413E-2630-483D-A811-B15980A4C8B2}.Debug|Any CPU.Build.0 = Debug|Any CPU
		{8A10413E-2630-483D-A811-B15980A4C8B2}.Release|Any CPU.ActiveCfg = Release|Any CPU
		{8A10413E-2630-483D-A811-B15980A4C8B2}.Release|Any CPU.Build.0 = Release|Any CPU
		{86FCE7A4-CD1B-4D38-97B6-3FBEA2C1B0DA}.Debug|Any CPU.ActiveCfg = Debug|Any CPU
		{86FCE7A4-CD1B-4D38-97B6-3FBEA2C1B0DA}.Debug|Any CPU.Build.0 = Debug|Any CPU
		{86FCE7A4-CD1B-4D38-97B6-3FBEA2C1B0DA}.Release|Any CPU.ActiveCfg = Release|Any CPU
		{86FCE7A4-CD1B-4D38-97B6-3FBEA2C1B0DA}.Release|Any CPU.Build.0 = Release|Any CPU
		{C83D20C3-137B-4230-AEE8-CF673F0FE13E}.Debug|Any CPU.ActiveCfg = Debug|Any CPU
		{C83D20C3-137B-4230-AEE8-CF673F0FE13E}.Debug|Any CPU.Build.0 = Debug|Any CPU
		{C83D20C3-137B-4230-AEE8-CF673F0FE13E}.Release|Any CPU.ActiveCfg = Release|Any CPU
		{C83D20C3-137B-4230-AEE8-CF673F0FE13E}.Release|Any CPU.Build.0 = Release|Any CPU
		{53336472-4464-47AF-A697-9EB9CBD447E3}.Debug|Any CPU.ActiveCfg = Debug|Any CPU
		{53336472-4464-47AF-A697-9EB9CBD447E3}.Debug|Any CPU.Build.0 = Debug|Any CPU
		{53336472-4464-47AF-A697-9EB9CBD447E3}.Release|Any CPU.ActiveCfg = Release|Any CPU
		{53336472-4464-47AF-A697-9EB9CBD447E3}.Release|Any CPU.Build.0 = Release|Any CPU
		{01B6AB6F-D9F7-4673-89CD-7120F2C31CEF}.Debug|Any CPU.ActiveCfg = Debug|Any CPU
		{01B6AB6F-D9F7-4673-89CD-7120F2C31CEF}.Debug|Any CPU.Build.0 = Debug|Any CPU
		{01B6AB6F-D9F7-4673-89CD-7120F2C31CEF}.Release|Any CPU.ActiveCfg = Release|Any CPU
		{01B6AB6F-D9F7-4673-89CD-7120F2C31CEF}.Release|Any CPU.Build.0 = Release|Any CPU
	EndGlobalSection
	GlobalSection(SolutionProperties) = preSolution
		HideSolutionNode = FALSE
	EndGlobalSection
	GlobalSection(ExtensibilityGlobals) = postSolution
		SolutionGuid = {790F887B-5569-4F79-A080-4338A019CC0D}
	EndGlobalSection
EndGlobal
